<?xml version="1.0" encoding="utf-8"?>
<Project ToolsVersion="4.0" xmlns="http://schemas.microsoft.com/developer/msbuild/2003">
  <ItemGroup>
    <ClCompile Include="..\Source\Animation\AnimatedModel.cpp">
      <Filter>Source</Filter>
    </ClCompile>
    <ClCompile Include="..\Source\Camera.cpp">
      <Filter>Source</Filter>
    </ClCompile>
    <ClCompile Include="..\Source\Engine.cpp">
      <Filter>Source</Filter>
    </ClCompile>
    <ClCompile Include="..\Source\GameMap.cpp">
      <Filter>Source</Filter>
    </ClCompile>
    <ClCompile Include="..\Source\glad.c">
      <Filter>Source</Filter>
    </ClCompile>
    <ClCompile Include="..\Source\GUI.cpp">
      <Filter>Source</Filter>
    </ClCompile>
    <ClCompile Include="..\Source\InputManager.cpp">
      <Filter>Source</Filter>
    </ClCompile>
    <ClCompile Include="..\Source\Animation\Joint.cpp">
      <Filter>Source</Filter>
    </ClCompile>
    <ClCompile Include="..\Source\LightSource.cpp">
      <Filter>Source</Filter>
    </ClCompile>
    <ClCompile Include="..\Source\MapSquare.cpp">
      <Filter>Source</Filter>
    </ClCompile>
    <ClCompile Include="..\Source\Mesh.cpp">
      <Filter>Source</Filter>
    </ClCompile>
    <ClCompile Include="..\Source\Message.cpp">
      <Filter>Source</Filter>
    </ClCompile>
    <ClCompile Include="..\Source\MessageBus.cpp">
      <Filter>Source</Filter>
    </ClCompile>
    <ClCompile Include="..\Source\Renderer.cpp">
      <Filter>Source</Filter>
    </ClCompile>
    <ClCompile Include="..\Source\Shader.cpp">
      <Filter>Source</Filter>
    </ClCompile>
    <ClCompile Include="..\Source\Source.cpp">
      <Filter>Source</Filter>
    </ClCompile>
    <ClCompile Include="..\Source\stb_image.cpp">
      <Filter>Source</Filter>
    </ClCompile>
    <ClCompile Include="..\Source\water.cpp">
      <Filter>Source</Filter>
    </ClCompile>
  </ItemGroup>
  <ItemGroup>
    <ClInclude Include="..\Include\Camera.h">
      <Filter>Include</Filter>
    </ClInclude>
    <ClInclude Include="..\Include\Cursor.h">
      <Filter>Include</Filter>
    </ClInclude>
    <ClInclude Include="..\Include\Drawable.h">
      <Filter>Include</Filter>
    </ClInclude>
    <ClInclude Include="..\Include\Engine.h">
      <Filter>Include</Filter>
    </ClInclude>
    <ClInclude Include="..\Include\ft2build.h">
      <Filter>Include</Filter>
    </ClInclude>
    <ClInclude Include="..\Include\GUI.h">
      <Filter>Include</Filter>
    </ClInclude>
    <ClInclude Include="..\Include\GameMap.h">
      <Filter>Include</Filter>
    </ClInclude>
    <ClInclude Include="..\Include\InputManager.h">
      <Filter>Include</Filter>
    </ClInclude>
    <ClInclude Include="..\Include\LightSource.h">
      <Filter>Include</Filter>
    </ClInclude>
    <ClInclude Include="..\Include\MapSquare.h">
      <Filter>Include</Filter>
    </ClInclude>
    <ClInclude Include="..\Include\Mesh.h">
      <Filter>Include</Filter>
    </ClInclude>
    <ClInclude Include="..\Include\Message.h">
      <Filter>Include</Filter>
    </ClInclude>
    <ClInclude Include="..\Include\MessageBus.h">
      <Filter>Include</Filter>
    </ClInclude>
    <ClInclude Include="..\Include\MessageReceiver.h">
      <Filter>Include</Filter>
    </ClInclude>
    <ClInclude Include="..\Include\Renderer.h">
      <Filter>Include</Filter>
    </ClInclude>
    <ClInclude Include="..\Include\Shader.h">
      <Filter>Include</Filter>
    </ClInclude>
    <ClInclude Include="..\Include\stb_image.h">
      <Filter>Include</Filter>
    </ClInclude>
    <ClInclude Include="..\Include\water.h">
      <Filter>Include</Filter>
    </ClInclude>
    <ClInclude Include="..\Include\Animation\Joint.h">
      <Filter>Include</Filter>
    </ClInclude>
    <ClInclude Include="..\Include\Animation\AnimatedModel.h">
      <Filter>Include</Filter>
    </ClInclude>
  </ItemGroup>
  <ItemGroup>
    <Filter Include="Include">
      <UniqueIdentifier>{7b9f9360-431a-44c4-85b6-39d18bc2d783}</UniqueIdentifier>
    </Filter>
    <Filter Include="Source">
      <UniqueIdentifier>{58488643-5193-4931-88cc-5efcf48195af}</UniqueIdentifier>
    </Filter>
  </ItemGroup>
</Project>